Microsoft Visual Studio Solution File, Format Version 12.00
# Visual Studio Version 17
VisualStudioVersion = 17.5.2.0
MinimumVisualStudioVersion = 10.0.40219.1
Project("{FAE04EC0-301F-11D3-BF4B-00C04F79EFBC}") = "Petfolio.Communication", "Petfolio.Communication\Petfolio.Communication.csproj", "{1F31FF65-8D86-B126-7343-FD3614793B34}"
EndProject
Project("{FAE04EC0-301F-11D3-BF4B-00C04F79EFBC}") = "Petfolio.API", "Petfolio.API\Petfolio.API.csproj", "{225D94A5-2BFE-A9D3-D863-8FADE161FD35}"
EndProject
Project("{FAE04EC0-301F-11D3-BF4B-00C04F79EFBC}") = "Petfolio.Application", "Petfolio.Application\Petfolio.Application.csproj", "{FAC4450A-861D-94EE-38C4-8D861F8258CA}"
EndProject
Global
	GlobalSection(SolutionConfigurationPlatforms) = preSolution
		Debug|Any CPU = Debug|Any CPU
		Release|Any CPU = Release|Any CPU
	EndGlobalSection
	GlobalSection(ProjectConfigurationPlatforms) = postSolution
		{1F31FF65-8D86-B126-7343-FD3614793B34}.Debug|Any CPU.ActiveCfg = Debug|Any CPU
		{1F31FF65-8D86-B126-7343-FD3614793B34}.Debug|Any CPU.Build.0 = Debug|Any CPU
		{1F31FF65-8D86-B126-7343-FD3614793B34}.Release|Any CPU.ActiveCfg = Release|Any CPU
		{1F31FF65-8D86-B126-7343-FD3614793B34}.Release|Any CPU.Build.0 = Release|Any CPU
		{225D94A5-2BFE-A9D3-D863-8FADE161FD35}.Debug|Any CPU.ActiveCfg = Debug|Any CPU
		{225D94A5-2BFE-A9D3-D863-8FADE161FD35}.Debug|Any CPU.Build.0 = Debug|Any CPU
		{225D94A5-2BFE-A9D3-D863-8FADE161FD35}.Release|Any CPU.ActiveCfg = Release|Any CPU
		{225D94A5-2BFE-A9D3-D863-8FADE161FD35}.Release|Any CPU.Build.0 = Release|Any CPU
		{FAC4450A-861D-94EE-38C4-8D861F8258CA}.Debug|Any CPU.ActiveCfg = Debug|Any CPU
		{FAC4450A-861D-94EE-38C4-8D861F8258CA}.Debug|Any CPU.Build.0 = Debug|Any CPU
		{FAC4450A-861D-94EE-38C4-8D861F8258CA}.Release|Any CPU.ActiveCfg = Release|Any CPU
		{FAC4450A-861D-94EE-38C4-8D861F8258CA}.Release|Any CPU.Build.0 = Release|Any CPU
	EndGlobalSection
	GlobalSection(SolutionProperties) = preSolution
		HideSolutionNode = FALSE
	EndGlobalSection
	GlobalSection(ExtensibilityGlobals) = postSolution
		SolutionGuid = {0521EE1A-56B3-47F5-90A5-E0D4EC8FDB66}
	EndGlobalSection
EndGlobal
